
Microsoft Visual Studio Solution File, Format Version 12.00
# Visual Studio Version 16
VisualStudioVersion = 16.0.31105.61
MinimumVisualStudioVersion = 10.0.40219.1
Project("{FAE04EC0-301F-11D3-BF4B-00C04F79EFBC}") = "OneMethod.Analyzer", "OneMethod.Analyzer\OneMethod.Analyzer\OneMethod.Analyzer.csproj", "{62A99458-695D-402A-8F95-F8283846C6D2}"
EndProject
Project("{FAE04EC0-301F-11D3-BF4B-00C04F79EFBC}") = "OneMethod.Analyzer.Package", "OneMethod.Analyzer\OneMethod.Analyzer.Package\OneMethod.Analyzer.Package.csproj", "{2E2818A5-F157-444B-A4E9-2B2AC8640387}"
EndProject
Project("{FAE04EC0-301F-11D3-BF4B-00C04F79EFBC}") = "OneMethod.Analyzer.Test", "OneMethod.Analyzer\OneMethod.Analyzer.Test\OneMethod.Analyzer.Test.csproj", "{50D71FB7-7177-403D-91B8-D9EE0E90F7E0}"
EndProject
Project("{FAE04EC0-301F-11D3-BF4B-00C04F79EFBC}") = "OneMethod.Analyzer.Vsix", "OneMethod.Analyzer\OneMethod.Analyzer.Vsix\OneMethod.Analyzer.Vsix.csproj", "{4E1A4E58-F6CB-4096-BEE0-4F8A31122CB9}"
EndProject
Global
	GlobalSection(SolutionConfigurationPlatforms) = preSolution
		Debug|Any CPU = Debug|Any CPU
		Release|Any CPU = Release|Any CPU
	EndGlobalSection
	GlobalSection(ProjectConfigurationPlatforms) = postSolution
		{62A99458-695D-402A-8F95-F8283846C6D2}.Debug|Any CPU.ActiveCfg = Debug|Any CPU
		{62A99458-695D-402A-8F95-F8283846C6D2}.Debug|Any CPU.Build.0 = Debug|Any CPU
		{62A99458-695D-402A-8F95-F8283846C6D2}.Release|Any CPU.ActiveCfg = Release|Any CPU
		{62A99458-695D-402A-8F95-F8283846C6D2}.Release|Any CPU.Build.0 = Release|Any CPU
		{2E2818A5-F157-444B-A4E9-2B2AC8640387}.Debug|Any CPU.ActiveCfg = Debug|Any CPU
		{2E2818A5-F157-444B-A4E9-2B2AC8640387}.Debug|Any CPU.Build.0 = Debug|Any CPU
		{2E2818A5-F157-444B-A4E9-2B2AC8640387}.Release|Any CPU.ActiveCfg = Release|Any CPU
		{2E2818A5-F157-444B-A4E9-2B2AC8640387}.Release|Any CPU.Build.0 = Release|Any CPU
		{50D71FB7-7177-403D-91B8-D9EE0E90F7E0}.Debug|Any CPU.ActiveCfg = Debug|Any CPU
		{50D71FB7-7177-403D-91B8-D9EE0E90F7E0}.Debug|Any CPU.Build.0 = Debug|Any CPU
		{50D71FB7-7177-403D-91B8-D9EE0E90F7E0}.Release|Any CPU.ActiveCfg = Release|Any CPU
		{50D71FB7-7177-403D-91B8-D9EE0E90F7E0}.Release|Any CPU.Build.0 = Release|Any CPU
		{4E1A4E58-F6CB-4096-BEE0-4F8A31122CB9}.Debug|Any CPU.ActiveCfg = Debug|Any CPU
		{4E1A4E58-F6CB-4096-BEE0-4F8A31122CB9}.Debug|Any CPU.Build.0 = Debug|Any CPU
		{4E1A4E58-F6CB-4096-BEE0-4F8A31122CB9}.Release|Any CPU.ActiveCfg = Release|Any CPU
		{4E1A4E58-F6CB-4096-BEE0-4F8A31122CB9}.Release|Any CPU.Build.0 = Release|Any CPU
	EndGlobalSection
	GlobalSection(SolutionProperties) = preSolution
		HideSolutionNode = FALSE
	EndGlobalSection
	GlobalSection(ExtensibilityGlobals) = postSolution
		SolutionGuid = {4DCF59E5-A0EF-421F-AFDB-D32946C8825D}
	EndGlobalSection
EndGlobal
